
Microsoft Visual Studio Solution File, Format Version 12.00
# Visual Studio Version 17
VisualStudioVersion = 17.6.33723.286
MinimumVisualStudioVersion = 10.0.40219.1
Project("{FAE04EC0-301F-11D3-BF4B-00C04F79EFBC}") = "FinancialAccounting", "FinancialAccounting\FinancialAccounting.csproj", "{1BD1D96F-CB6A-478C-9A03-458257D23467}"
EndProject
Project("{FAE04EC0-301F-11D3-BF4B-00C04F79EFBC}") = "FinAccTest", "FinAccTest\FinAccTest.csproj", "{75D0B8DA-B13D-4BEE-9B99-755E1CB98131}"
EndProject
Global
	GlobalSection(SolutionConfigurationPlatforms) = preSolution
		Debug|Any CPU = Debug|Any CPU
		Release|Any CPU = Release|Any CPU
	EndGlobalSection
	GlobalSection(ProjectConfigurationPlatforms) = postSolution
		{1BD1D96F-CB6A-478C-9A03-458257D23467}.Debug|Any CPU.ActiveCfg = Debug|Any CPU
		{1BD1D96F-CB6A-478C-9A03-458257D23467}.Debug|Any CPU.Build.0 = Debug|Any CPU
		{1BD1D96F-CB6A-478C-9A03-458257D23467}.Release|Any CPU.ActiveCfg = Release|Any CPU
		{1BD1D96F-CB6A-478C-9A03-458257D23467}.Release|Any CPU.Build.0 = Release|Any CPU
		{75D0B8DA-B13D-4BEE-9B99-755E1CB98131}.Debug|Any CPU.ActiveCfg = Debug|Any CPU
		{75D0B8DA-B13D-4BEE-9B99-755E1CB98131}.Debug|Any CPU.Build.0 = Debug|Any CPU
		{75D0B8DA-B13D-4BEE-9B99-755E1CB98131}.Release|Any CPU.ActiveCfg = Release|Any CPU
		{75D0B8DA-B13D-4BEE-9B99-755E1CB98131}.Release|Any CPU.Build.0 = Release|Any CPU
	EndGlobalSection
	GlobalSection(SolutionProperties) = preSolution
		HideSolutionNode = FALSE
	EndGlobalSection
	GlobalSection(ExtensibilityGlobals) = postSolution
		SolutionGuid = {103F76D8-722F-488F-96E3-744D6E98D1E9}
	EndGlobalSection
EndGlobal
